// !$*UTF8*$!
{
	archiveVersion = 1;
	classes = {
	};
	objectVersion = 46;
	objects = {

/* Begin PBXBuildFile section */
		002EBA131B10C22000C4A521 /* AVFoundation.framework in Frameworks */ = {isa = PBXBuildFile; fileRef = 002EBA121B10C22000C4A521 /* AVFoundation.framework */; };
		002EBA151B10C22F00C4A521 /* CoreGraphics.framework in Frameworks */ = {isa = PBXBuildFile; fileRef = 002EBA141B10C22F00C4A521 /* CoreGraphics.framework */; };
		002EBA171B10C23A00C4A521 /* UIKit.framework in Frameworks */ = {isa = PBXBuildFile; fileRef = 002EBA161B10C23A00C4A521 /* UIKit.framework */; };
		002EBA191B10C24200C4A521 /* Foundation.framework in Frameworks */ = {isa = PBXBuildFile; fileRef = 002EBA181B10C24200C4A521 /* Foundation.framework */; };
		253F08611B113DFF00E19C1A /* Abhogi.wav in Resources */ = {isa = PBXBuildFile; fileRef = 253F08601B113DFF00E19C1A /* Abhogi.wav */; };
		253F08631B117D1500E19C1A /* MediaPlayer.framework in Frameworks */ = {isa = PBXBuildFile; fileRef = 253F08621B117D1500E19C1A /* MediaPlayer.framework */; };
		257062741B107CA000C0EE63 /* AppDelegate.swift in Sources */ = {isa = PBXBuildFile; fileRef = 257062731B107CA000C0EE63 /* AppDelegate.swift */; };
		257062761B107CA000C0EE63 /* ViewController.swift in Sources */ = {isa = PBXBuildFile; fileRef = 257062751B107CA000C0EE63 /* ViewController.swift */; };
		257062791B107CA000C0EE63 /* Main.storyboard in Resources */ = {isa = PBXBuildFile; fileRef = 257062771B107CA000C0EE63 /* Main.storyboard */; };
		2570627B1B107CA000C0EE63 /* Images.xcassets in Resources */ = {isa = PBXBuildFile; fileRef = 2570627A1B107CA000C0EE63 /* Images.xcassets */; };
		2570627E1B107CA100C0EE63 /* LaunchScreen.xib in Resources */ = {isa = PBXBuildFile; fileRef = 2570627C1B107CA100C0EE63 /* LaunchScreen.xib */; };
		2570628A1B107CA100C0EE63 /* Wiki_RadioTests.swift in Sources */ = {isa = PBXBuildFile; fileRef = 257062891B107CA100C0EE63 /* Wiki_RadioTests.swift */; };
/* End PBXBuildFile section */

/* Begin PBXContainerItemProxy section */
		257062841B107CA100C0EE63 /* PBXContainerItemProxy */ = {
			isa = PBXContainerItemProxy;
			containerPortal = 257062661B107CA000C0EE63 /* Project object */;
			proxyType = 1;
			remoteGlobalIDString = 2570626D1B107CA000C0EE63;
			remoteInfo = "Wiki Radio";
		};
/* End PBXContainerItemProxy section */

/* Begin PBXFileReference section */
		002EBA121B10C22000C4A521 /* AVFoundation.framework */ = {isa = PBXFileReference; lastKnownFileType = wrapper.framework; name = AVFoundation.framework; path = System/Library/Frameworks/AVFoundation.framework; sourceTree = SDKROOT; };
		002EBA141B10C22F00C4A521 /* CoreGraphics.framework */ = {isa = PBXFileReference; lastKnownFileType = wrapper.framework; name = CoreGraphics.framework; path = System/Library/Frameworks/CoreGraphics.framework; sourceTree = SDKROOT; };
		002EBA161B10C23A00C4A521 /* UIKit.framework */ = {isa = PBXFileReference; lastKnownFileType = wrapper.framework; name = UIKit.framework; path = System/Library/Frameworks/UIKit.framework; sourceTree = SDKROOT; };
		002EBA181B10C24200C4A521 /* Foundation.framework */ = {isa = PBXFileReference; lastKnownFileType = wrapper.framework; name = Foundation.framework; path = System/Library/Frameworks/Foundation.framework; sourceTree = SDKROOT; };
		253F08601B113DFF00E19C1A /* Abhogi.wav */ = {isa = PBXFileReference; lastKnownFileType = audio.wav; path = Abhogi.wav; sourceTree = "<group>"; };
		253F08621B117D1500E19C1A /* MediaPlayer.framework */ = {isa = PBXFileReference; lastKnownFileType = wrapper.framework; name = MediaPlayer.framework; path = System/Library/Frameworks/MediaPlayer.framework; sourceTree = SDKROOT; };
		2570626E1B107CA000C0EE63 /* Wiki Radio.app */ = {isa = PBXFileReference; explicitFileType = wrapper.application; includeInIndex = 0; path = "Wiki Radio.app"; sourceTree = BUILT_PRODUCTS_DIR; };
		257062721B107CA000C0EE63 /* Info.plist */ = {isa = PBXFileReference; lastKnownFileType = text.plist.xml; path = Info.plist; sourceTree = "<group>"; };
		257062731B107CA000C0EE63 /* AppDelegate.swift */ = {isa = PBXFileReference; lastKnownFileType = sourcecode.swift; path = AppDelegate.swift; sourceTree = "<group>"; };
		257062751B107CA000C0EE63 /* ViewController.swift */ = {isa = PBXFileReference; lastKnownFileType = sourcecode.swift; path = ViewController.swift; sourceTree = "<group>"; };
		257062781B107CA000C0EE63 /* Base */ = {isa = PBXFileReference; lastKnownFileType = file.storyboard; name = Base; path = Base.lproj/Main.storyboard; sourceTree = "<group>"; };
		2570627A1B107CA000C0EE63 /* Images.xcassets */ = {isa = PBXFileReference; lastKnownFileType = folder.assetcatalog; path = Images.xcassets; sourceTree = "<group>"; };
		2570627D1B107CA100C0EE63 /* Base */ = {isa = PBXFileReference; lastKnownFileType = file.xib; name = Base; path = Base.lproj/LaunchScreen.xib; sourceTree = "<group>"; };
		257062831B107CA100C0EE63 /* Wiki RadioTests.xctest */ = {isa = PBXFileReference; explicitFileType = wrapper.cfbundle; includeInIndex = 0; path = "Wiki RadioTests.xctest"; sourceTree = BUILT_PRODUCTS_DIR; };
		257062881B107CA100C0EE63 /* Info.plist */ = {isa = PBXFileReference; lastKnownFileType = text.plist.xml; path = Info.plist; sourceTree = "<group>"; };
		257062891B107CA100C0EE63 /* Wiki_RadioTests.swift */ = {isa = PBXFileReference; lastKnownFileType = sourcecode.swift; path = Wiki_RadioTests.swift; sourceTree = "<group>"; };
/* End PBXFileReference section */

/* Begin PBXFrameworksBuildPhase section */
		2570626B1B107CA000C0EE63 /* Frameworks */ = {
			isa = PBXFrameworksBuildPhase;
			buildActionMask = 2147483647;
			files = (
				253F08631B117D1500E19C1A /* MediaPlayer.framework in Frameworks */,
				002EBA191B10C24200C4A521 /* Foundation.framework in Frameworks */,
				002EBA171B10C23A00C4A521 /* UIKit.framework in Frameworks */,
				002EBA151B10C22F00C4A521 /* CoreGraphics.framework in Frameworks */,
				002EBA131B10C22000C4A521 /* AVFoundation.framework in Frameworks */,
			);
			runOnlyForDeploymentPostprocessing = 0;
		};
		257062801B107CA100C0EE63 /* Frameworks */ = {
			isa = PBXFrameworksBuildPhase;
			buildActionMask = 2147483647;
			files = (
			);
			runOnlyForDeploymentPostprocessing = 0;
		};
/* End PBXFrameworksBuildPhase section */

/* Begin PBXGroup section */
		257062651B107CA000C0EE63 = {
			isa = PBXGroup;
			children = (
				253F08621B117D1500E19C1A /* MediaPlayer.framework */,
				257062701B107CA000C0EE63 /* Wiki Radio */,
				257062861B107CA100C0EE63 /* Wiki RadioTests */,
				2570626F1B107CA000C0EE63 /* Products */,
				002EBA121B10C22000C4A521 /* AVFoundation.framework */,
				002EBA141B10C22F00C4A521 /* CoreGraphics.framework */,
				002EBA161B10C23A00C4A521 /* UIKit.framework */,
				002EBA181B10C24200C4A521 /* Foundation.framework */,
			);
			sourceTree = "<group>";
		};
		2570626F1B107CA000C0EE63 /* Products */ = {
			isa = PBXGroup;
			children = (
				2570626E1B107CA000C0EE63 /* Wiki Radio.app */,
				257062831B107CA100C0EE63 /* Wiki RadioTests.xctest */,
			);
			name = Products;
			sourceTree = "<group>";
		};
		257062701B107CA000C0EE63 /* Wiki Radio */ = {
			isa = PBXGroup;
			children = (
				257062731B107CA000C0EE63 /* AppDelegate.swift */,
				257062751B107CA000C0EE63 /* ViewController.swift */,
				257062771B107CA000C0EE63 /* Main.storyboard */,
				2570627A1B107CA000C0EE63 /* Images.xcassets */,
				2570627C1B107CA100C0EE63 /* LaunchScreen.xib */,
				257062711B107CA000C0EE63 /* Supporting Files */,
			);
			path = "Wiki Radio";
			sourceTree = "<group>";
		};
		257062711B107CA000C0EE63 /* Supporting Files */ = {
			isa = PBXGroup;
			children = (
				253F08601B113DFF00E19C1A /* Abhogi.wav */,
				257062721B107CA000C0EE63 /* Info.plist */,
			);
			name = "Supporting Files";
			sourceTree = "<group>";
		};
		257062861B107CA100C0EE63 /* Wiki RadioTests */ = {
			isa = PBXGroup;
			children = (
				257062891B107CA100C0EE63 /* Wiki_RadioTests.swift */,
				257062871B107CA100C0EE63 /* Supporting Files */,
			);
			path = "Wiki RadioTests";
			sourceTree = "<group>";
		};
		257062871B107CA100C0EE63 /* Supporting Files */ = {
			isa = PBXGroup;
			children = (
				257062881B107CA100C0EE63 /* Info.plist */,
			);
			name = "Supporting Files";
			sourceTree = "<group>";
		};
/* End PBXGroup section */

/* Begin PBXNativeTarget section */
		2570626D1B107CA000C0EE63 /* Wiki Radio */ = {
			isa = PBXNativeTarget;
			buildConfigurationList = 2570628D1B107CA100C0EE63 /* Build configuration list for PBXNativeTarget "Wiki Radio" */;
			buildPhases = (
				2570626A1B107CA000C0EE63 /* Sources */,
				2570626B1B107CA000C0EE63 /* Frameworks */,
				2570626C1B107CA000C0EE63 /* Resources */,
			);
			buildRules = (
			);
			dependencies = (
			);
			name = "Wiki Radio";
			productName = "Wiki Radio";
			productReference = 2570626E1B107CA000C0EE63 /* Wiki Radio.app */;
			productType = "com.apple.product-type.application";
		};
		257062821B107CA100C0EE63 /* Wiki RadioTests */ = {
			isa = PBXNativeTarget;
			buildConfigurationList = 257062901B107CA100C0EE63 /* Build configuration list for PBXNativeTarget "Wiki RadioTests" */;
			buildPhases = (
				2570627F1B107CA100C0EE63 /* Sources */,
				257062801B107CA100C0EE63 /* Frameworks */,
				257062811B107CA100C0EE63 /* Resources */,
			);
			buildRules = (
			);
			dependencies = (
				257062851B107CA100C0EE63 /* PBXTargetDependency */,
			);
			name = "Wiki RadioTests";
			productName = "Wiki RadioTests";
			productReference = 257062831B107CA100C0EE63 /* Wiki RadioTests.xctest */;
			productType = "com.apple.product-type.bundle.unit-test";
		};
/* End PBXNativeTarget section */

/* Begin PBXProject section */
		257062661B107CA000C0EE63 /* Project object */ = {
			isa = PBXProject;
			attributes = {
				LastUpgradeCheck = 0630;
				ORGANIZATIONNAME = "Adam Baso";
				TargetAttributes = {
					2570626D1B107CA000C0EE63 = {
						CreatedOnToolsVersion = 6.3.2;
					};
					257062821B107CA100C0EE63 = {
						CreatedOnToolsVersion = 6.3.2;
						TestTargetID = 2570626D1B107CA000C0EE63;
					};
				};
			};
			buildConfigurationList = 257062691B107CA000C0EE63 /* Build configuration list for PBXProject "Wiki Radio" */;
			compatibilityVersion = "Xcode 3.2";
			developmentRegion = English;
			hasScannedForEncodings = 0;
			knownRegions = (
				en,
				Base,
			);
			mainGroup = 257062651B107CA000C0EE63;
			productRefGroup = 2570626F1B107CA000C0EE63 /* Products */;
			projectDirPath = "";
			projectRoot = "";
			targets = (
				2570626D1B107CA000C0EE63 /* Wiki Radio */,
				257062821B107CA100C0EE63 /* Wiki RadioTests */,
			);
		};
/* End PBXProject section */

/* Begin PBXResourcesBuildPhase section */
		2570626C1B107CA000C0EE63 /* Resources */ = {
			isa = PBXResourcesBuildPhase;
			buildActionMask = 2147483647;
			files = (
				257062791B107CA000C0EE63 /* Main.storyboard in Resources */,
				2570627E1B107CA100C0EE63 /* LaunchScreen.xib in Resources */,
				253F08611B113DFF00E19C1A /* Abhogi.wav in Resources */,
				2570627B1B107CA000C0EE63 /* Images.xcassets in Resources */,
			);
			runOnlyForDeploymentPostprocessing = 0;
		};
		257062811B107CA100C0EE63 /* Resources */ = {
			isa = PBXResourcesBuildPhase;
			buildActionMask = 2147483647;
			files = (
			);
			runOnlyForDeploymentPostprocessing = 0;
		};
/* End PBXResourcesBuildPhase section */

/* Begin PBXSourcesBuildPhase section */
		2570626A1B107CA000C0EE63 /* Sources */ = {
			isa = PBXSourcesBuildPhase;
			buildActionMask = 2147483647;
			files = (
				257062761B107CA000C0EE63 /* ViewController.swift in Sources */,
				257062741B107CA000C0EE63 /* AppDelegate.swift in Sources */,
			);
			runOnlyForDeploymentPostprocessing = 0;
		};
		2570627F1B107CA100C0EE63 /* Sources */ = {
			isa = PBXSourcesBuildPhase;
			buildActionMask = 2147483647;
			files = (
				2570628A1B107CA100C0EE63 /* Wiki_RadioTests.swift in Sources */,
			);
			runOnlyForDeploymentPostprocessing = 0;
		};
/* End PBXSourcesBuildPhase section */

/* Begin PBXTargetDependency section */
		257062851B107CA100C0EE63 /* PBXTargetDependency */ = {
			isa = PBXTargetDependency;
			target = 2570626D1B107CA000C0EE63 /* Wiki Radio */;
			targetProxy = 257062841B107CA100C0EE63 /* PBXContainerItemProxy */;
		};
/* End PBXTargetDependency section */

/* Begin PBXVariantGroup section */
		257062771B107CA000C0EE63 /* Main.storyboard */ = {
			isa = PBXVariantGroup;
			children = (
				257062781B107CA000C0EE63 /* Base */,
			);
			name = Main.storyboard;
			sourceTree = "<group>";
		};
		2570627C1B107CA100C0EE63 /* LaunchScreen.xib */ = {
			isa = PBXVariantGroup;
			children = (
				2570627D1B107CA100C0EE63 /* Base */,
			);
			name = LaunchScreen.xib;
			sourceTree = "<group>";
		};
/* End PBXVariantGroup section */

/* Begin XCBuildConfiguration section */
		2570628B1B107CA100C0EE63 /* Debug */ = {
			isa = XCBuildConfiguration;
			buildSettings = {
				ALWAYS_SEARCH_USER_PATHS = NO;
				CLANG_CXX_LANGUAGE_STANDARD = "gnu++0x";
				CLANG_CXX_LIBRARY = "libc++";
				CLANG_ENABLE_MODULES = YES;
				CLANG_ENABLE_OBJC_ARC = YES;
				CLANG_WARN_BOOL_CONVERSION = YES;
				CLANG_WARN_CONSTANT_CONVERSION = YES;
				CLANG_WARN_DIRECT_OBJC_ISA_USAGE = YES_ERROR;
				CLANG_WARN_EMPTY_BODY = YES;
				CLANG_WARN_ENUM_CONVERSION = YES;
				CLANG_WARN_INT_CONVERSION = YES;
				CLANG_WARN_OBJC_ROOT_CLASS = YES_ERROR;
				CLANG_WARN_UNREACHABLE_CODE = YES;
				CLANG_WARN__DUPLICATE_METHOD_MATCH = YES;
				"CODE_SIGN_IDENTITY[sdk=iphoneos*]" = "iPhone Developer";
				COPY_PHASE_STRIP = NO;
				DEBUG_INFORMATION_FORMAT = "dwarf-with-dsym";
				ENABLE_STRICT_OBJC_MSGSEND = YES;
				GCC_C_LANGUAGE_STANDARD = gnu99;
				GCC_DYNAMIC_NO_PIC = NO;
				GCC_NO_COMMON_BLOCKS = YES;
				GCC_OPTIMIZATION_LEVEL = 0;
				GCC_PREPROCESSOR_DEFINITIONS = (
					"DEBUG=1",
					"$(inherited)",
				);
				GCC_SYMBOLS_PRIVATE_EXTERN = NO;
				GCC_WARN_64_TO_32_BIT_CONVERSION = YES;
				GCC_WARN_ABOUT_RETURN_TYPE = YES_ERROR;
				GCC_WARN_UNDECLARED_SELECTOR = YES;
				GCC_WARN_UNINITIALIZED_AUTOS = YES_AGGRESSIVE;
				GCC_WARN_UNUSED_FUNCTION = YES;
				GCC_WARN_UNUSED_VARIABLE = YES;
				IPHONEOS_DEPLOYMENT_TARGET = 8.3;
				MTL_ENABLE_DEBUG_INFO = YES;
				ONLY_ACTIVE_ARCH = YES;
				SDKROOT = iphoneos;
				SWIFT_OPTIMIZATION_LEVEL = "-Onone";
				TARGETED_DEVICE_FAMILY = "1,2";
			};
			name = Debug;
		};
		2570628C1B107CA100C0EE63 /* Release */ = {
			isa = XCBuildConfiguration;
			buildSettings = {
				ALWAYS_SEARCH_USER_PATHS = NO;
				CLANG_CXX_LANGUAGE_STANDARD = "gnu++0x";
				CLANG_CXX_LIBRARY = "libc++";
				CLANG_ENABLE_MODULES = YES;
				CLANG_ENABLE_OBJC_ARC = YES;
				CLANG_WARN_BOOL_CONVERSION = YES;
				CLANG_WARN_CONSTANT_CONVERSION = YES;
				CLANG_WARN_DIRECT_OBJC_ISA_USAGE = YES_ERROR;
				CLANG_WARN_EMPTY_BODY = YES;
				CLANG_WARN_ENUM_CONVERSION = YES;
				CLANG_WARN_INT_CONVERSION = YES;
				CLANG_WARN_OBJC_ROOT_CLASS = YES_ERROR;
				CLANG_WARN_UNREACHABLE_CODE = YES;
				CLANG_WARN__DUPLICATE_METHOD_MATCH = YES;
				"CODE_SIGN_IDENTITY[sdk=iphoneos*]" = "iPhone Developer";
				COPY_PHASE_STRIP = NO;
				DEBUG_INFORMATION_FORMAT = "dwarf-with-dsym";
				ENABLE_NS_ASSERTIONS = NO;
				ENABLE_STRICT_OBJC_MSGSEND = YES;
				GCC_C_LANGUAGE_STANDARD = gnu99;
				GCC_NO_COMMON_BLOCKS = YES;
				GCC_WARN_64_TO_32_BIT_CONVERSION = YES;
				GCC_WARN_ABOUT_RETURN_TYPE = YES_ERROR;
				GCC_WARN_UNDECLARED_SELECTOR = YES;
				GCC_WARN_UNINITIALIZED_AUTOS = YES_AGGRESSIVE;
				GCC_WARN_UNUSED_FUNCTION = YES;
				GCC_WARN_UNUSED_VARIABLE = YES;
				IPHONEOS_DEPLOYMENT_TARGET = 8.3;
				MTL_ENABLE_DEBUG_INFO = NO;
				SDKROOT = iphoneos;
				TARGETED_DEVICE_FAMILY = "1,2";
				VALIDATE_PRODUCT = YES;
			};
			name = Release;
		};
		2570628E1B107CA100C0EE63 /* Debug */ = {
			isa = XCBuildConfiguration;
			buildSettings = {
				ASSETCATALOG_COMPILER_APPICON_NAME = AppIcon;
				INFOPLIST_FILE = "Wiki Radio/Info.plist";
				IPHONEOS_DEPLOYMENT_TARGET = 7.0;
				LD_RUNPATH_SEARCH_PATHS = "$(inherited) @executable_path/Frameworks";
				PRODUCT_NAME = "$(TARGET_NAME)";
			};
			name = Debug;
		};
		2570628F1B107CA100C0EE63 /* Release */ = {
			isa = XCBuildConfiguration;
			buildSettings = {
				ASSETCATALOG_COMPILER_APPICON_NAME = AppIcon;
				INFOPLIST_FILE = "Wiki Radio/Info.plist";
				IPHONEOS_DEPLOYMENT_TARGET = 7.0;
				LD_RUNPATH_SEARCH_PATHS = "$(inherited) @executable_path/Frameworks";
				PRODUCT_NAME = "$(TARGET_NAME)";
			};
			name = Release;
		};
		257062911B107CA100C0EE63 /* Debug */ = {
			isa = XCBuildConfiguration;
			buildSettings = {
				BUNDLE_LOADER = "$(TEST_HOST)";
				FRAMEWORK_SEARCH_PATHS = (
					"$(SDKROOT)/Developer/Library/Frameworks",
					"$(inherited)",
				);
				GCC_PREPROCESSOR_DEFINITIONS = (
					"DEBUG=1",
					"$(inherited)",
				);
				INFOPLIST_FILE = "Wiki RadioTests/Info.plist";
				LD_RUNPATH_SEARCH_PATHS = "$(inherited) @executable_path/Frameworks @loader_path/Frameworks";
				PRODUCT_NAME = "$(TARGET_NAME)";
				TEST_HOST = "$(BUILT_PRODUCTS_DIR)/Wiki Radio.app/Wiki Radio";
			};
			name = Debug;
		};
		257062921B107CA100C0EE63 /* Release */ = {
			isa = XCBuildConfiguration;
			buildSettings = {
				BUNDLE_LOADER = "$(TEST_HOST)";
				FRAMEWORK_SEARCH_PATHS = (
					"$(SDKROOT)/Developer/Library/Frameworks",
					"$(inherited)",
				);
				INFOPLIST_FILE = "Wiki RadioTests/Info.plist";
				LD_RUNPATH_SEARCH_PATHS = "$(inherited) @executable_path/Frameworks @loader_path/Frameworks";
				PRODUCT_NAME = "$(TARGET_NAME)";
				TEST_HOST = "$(BUILT_PRODUCTS_DIR)/Wiki Radio.app/Wiki Radio";
			};
			name = Release;
		};
/* End XCBuildConfiguration section */

/* Begin XCConfigurationList section */
		257062691B107CA000C0EE63 /* Build configuration list for PBXProject "Wiki Radio" */ = {
			isa = XCConfigurationList;
			buildConfigurations = (
				2570628B1B107CA100C0EE63 /* Debug */,
				2570628C1B107CA100C0EE63 /* Release */,
			);
			defaultConfigurationIsVisible = 0;
			defaultConfigurationName = Release;
		};
		2570628D1B107CA100C0EE63 /* Build configuration list for PBXNativeTarget "Wiki Radio" */ = {
			isa = XCConfigurationList;
			buildConfigurations = (
				2570628E1B107CA100C0EE63 /* Debug */,
				2570628F1B107CA100C0EE63 /* Release */,
			);
			defaultConfigurationIsVisible = 0;
			defaultConfigurationName = Release;
		};
		257062901B107CA100C0EE63 /* Build configuration list for PBXNativeTarget "Wiki RadioTests" */ = {
			isa = XCConfigurationList;
			buildConfigurations = (
				257062911B107CA100C0EE63 /* Debug */,
				257062921B107CA100C0EE63 /* Release */,
			);
			defaultConfigurationIsVisible = 0;
			defaultConfigurationName = Release;
		};
/* End XCConfigurationList section */
	};
	rootObject = 257062661B107CA000C0EE63 /* Project object */;
}
